// !$*UTF8*$!
{
	archiveVersion = 1;
	classes = {
	};
	objectVersion = 46;
	objects = {

/* Begin PBXBuildFile section */
		97689E4A1E090D02003F92FF /* AppDelegate.swift in Sources */ = {isa = PBXBuildFile; fileRef = 97689E491E090D02003F92FF /* AppDelegate.swift */; };
		97689E4C1E090D02003F92FF /* ViewController.swift in Sources */ = {isa = PBXBuildFile; fileRef = 97689E4B1E090D02003F92FF /* ViewController.swift */; };
		97689E4F1E090D02003F92FF /* Main.storyboard in Resources */ = {isa = PBXBuildFile; fileRef = 97689E4D1E090D02003F92FF /* Main.storyboard */; };
		97689E511E090D02003F92FF /* Assets.xcassets in Resources */ = {isa = PBXBuildFile; fileRef = 97689E501E090D02003F92FF /* Assets.xcassets */; };
		97689E541E090D02003F92FF /* LaunchScreen.storyboard in Resources */ = {isa = PBXBuildFile; fileRef = 97689E521E090D02003F92FF /* LaunchScreen.storyboard */; };
		97D918B41E0A2F4A00BF1BDD /* foodRecordHome.swift in Sources */ = {isa = PBXBuildFile; fileRef = 97D918B31E0A2F4A00BF1BDD /* foodRecordHome.swift */; };
/* End PBXBuildFile section */

/* Begin PBXFileReference section */
		97689E461E090D02003F92FF /* FoodRecord.app */ = {isa = PBXFileReference; explicitFileType = wrapper.application; includeInIndex = 0; path = FoodRecord.app; sourceTree = BUILT_PRODUCTS_DIR; };
		97689E491E090D02003F92FF /* AppDelegate.swift */ = {isa = PBXFileReference; lastKnownFileType = sourcecode.swift; path = AppDelegate.swift; sourceTree = "<group>"; };
		97689E4B1E090D02003F92FF /* ViewController.swift */ = {isa = PBXFileReference; lastKnownFileType = sourcecode.swift; path = ViewController.swift; sourceTree = "<group>"; };
		97689E4E1E090D02003F92FF /* Base */ = {isa = PBXFileReference; lastKnownFileType = file.storyboard; name = Base; path = Base.lproj/Main.storyboard; sourceTree = "<group>"; };
		97689E501E090D02003F92FF /* Assets.xcassets */ = {isa = PBXFileReference; lastKnownFileType = folder.assetcatalog; path = Assets.xcassets; sourceTree = "<group>"; };
		97689E531E090D02003F92FF /* Base */ = {isa = PBXFileReference; lastKnownFileType = file.storyboard; name = Base; path = Base.lproj/LaunchScreen.storyboard; sourceTree = "<group>"; };
		97689E551E090D02003F92FF /* Info.plist */ = {isa = PBXFileReference; lastKnownFileType = text.plist.xml; path = Info.plist; sourceTree = "<group>"; };
		97D918B31E0A2F4A00BF1BDD /* foodRecordHome.swift */ = {isa = PBXFileReference; fileEncoding = 4; lastKnownFileType = sourcecode.swift; path = foodRecordHome.swift; sourceTree = "<group>"; };
/* End PBXFileReference section */

/* Begin PBXFrameworksBuildPhase section */
		97689E431E090D02003F92FF /* Frameworks */ = {
			isa = PBXFrameworksBuildPhase;
			buildActionMask = 2147483647;
			files = (
			);
			runOnlyForDeploymentPostprocessing = 0;
		};
/* End PBXFrameworksBuildPhase section */

/* Begin PBXGroup section */
		97689E3D1E090D02003F92FF = {
			isa = PBXGroup;
			children = (
				97689E481E090D02003F92FF /* FoodRecord */,
				97689E471E090D02003F92FF /* Products */,
			);
			sourceTree = "<group>";
		};
		97689E471E090D02003F92FF /* Products */ = {
			isa = PBXGroup;
			children = (
				97689E461E090D02003F92FF /* FoodRecord.app */,
			);
			name = Products;
			sourceTree = "<group>";
		};
		97689E481E090D02003F92FF /* FoodRecord */ = {
			isa = PBXGroup;
			children = (
				97689E491E090D02003F92FF /* AppDelegate.swift */,
				97689E4B1E090D02003F92FF /* ViewController.swift */,
				97D918B31E0A2F4A00BF1BDD /* foodRecordHome.swift */,
				97689E4D1E090D02003F92FF /* Main.storyboard */,
				97689E501E090D02003F92FF /* Assets.xcassets */,
				97689E521E090D02003F92FF /* LaunchScreen.storyboard */,
				97689E551E090D02003F92FF /* Info.plist */,
			);
			path = FoodRecord;
			sourceTree = "<group>";
		};
/* End PBXGroup section */

/* Begin PBXNativeTarget section */
		97689E451E090D02003F92FF /* FoodRecord */ = {
			isa = PBXNativeTarget;
			buildConfigurationList = 97689E581E090D02003F92FF /* Build configuration list for PBXNativeTarget "FoodRecord" */;
			buildPhases = (
				97689E421E090D02003F92FF /* Sources */,
				97689E431E090D02003F92FF /* Frameworks */,
				97689E441E090D02003F92FF /* Resources */,
			);
			buildRules = (
			);
			dependencies = (
			);
			name = FoodRecord;
			productName = FoodRecord;
			productReference = 97689E461E090D02003F92FF /* FoodRecord.app */;
			productType = "com.apple.product-type.application";
		};
/* End PBXNativeTarget section */

/* Begin PBXProject section */
		97689E3E1E090D02003F92FF /* Project object */ = {
			isa = PBXProject;
			attributes = {
				LastSwiftUpdateCheck = 0810;
				LastUpgradeCheck = 0810;
				ORGANIZATIONNAME = AllenChang;
				TargetAttributes = {
					97689E451E090D02003F92FF = {
						CreatedOnToolsVersion = 8.1;
						DevelopmentTeam = 7SLWFM8W4P;
						ProvisioningStyle = Automatic;
					};
				};
			};
			buildConfigurationList = 97689E411E090D02003F92FF /* Build configuration list for PBXProject "FoodRecord" */;
			compatibilityVersion = "Xcode 3.2";
			developmentRegion = English;
			hasScannedForEncodings = 0;
			knownRegions = (
				en,
				Base,
			);
			mainGroup = 97689E3D1E090D02003F92FF;
			productRefGroup = 97689E471E090D02003F92FF /* Products */;
			projectDirPath = "";
			projectRoot = "";
			targets = (
				97689E451E090D02003F92FF /* FoodRecord */,
			);
		};
/* End PBXProject section */

/* Begin PBXResourcesBuildPhase section */
		97689E441E090D02003F92FF /* Resources */ = {
			isa = PBXResourcesBuildPhase;
			buildActionMask = 2147483647;
			files = (
				97689E541E090D02003F92FF /* LaunchScreen.storyboard in Resources */,
				97689E511E090D02003F92FF /* Assets.xcassets in Resources */,
				97689E4F1E090D02003F92FF /* Main.storyboard in Resources */,
			);
			runOnlyForDeploymentPostprocessing = 0;
		};
/* End PBXResourcesBuildPhase section */

/* Begin PBXSourcesBuildPhase section */
		97689E421E090D02003F92FF /* Sources */ = {
			isa = PBXSourcesBuildPhase;
			buildActionMask = 2147483647;
			files = (
				97689E4C1E090D02003F92FF /* ViewController.swift in Sources */,
				97689E4A1E090D02003F92FF /* AppDelegate.swift in Sources */,
				97D918B41E0A2F4A00BF1BDD /* foodRecordHome.swift in Sources */,
			);
			runOnlyForDeploymentPostprocessing = 0;
		};
/* End PBXSourcesBuildPhase section */

/* Begin PBXVariantGroup section */
		97689E4D1E090D02003F92FF /* Main.storyboard */ = {
			isa = PBXVariantGroup;
			children = (
				97689E4E1E090D02003F92FF /* Base */,
			);
			name = Main.storyboard;
			sourceTree = "<group>";
		};
		97689E521E090D02003F92FF /* LaunchScreen.storyboard */ = {
			isa = PBXVariantGroup;
			children = (
				97689E531E090D02003F92FF /* Base */,
			);
			name = LaunchScreen.storyboard;
			sourceTree = "<group>";
		};
/* End PBXVariantGroup section */

/* Begin XCBuildConfiguration section */
		97689E561E090D02003F92FF /* Debug */ = {
			isa = XCBuildConfiguration;
			buildSettings = {
				ALWAYS_SEARCH_USER_PATHS = NO;
				CLANG_ANALYZER_NONNULL = YES;
				CLANG_CXX_LANGUAGE_STANDARD = "gnu++0x";
				CLANG_CXX_LIBRARY = "libc++";
				CLANG_ENABLE_MODULES = YES;
				CLANG_ENABLE_OBJC_ARC = YES;
				CLANG_WARN_BOOL_CONVERSION = YES;
				CLANG_WARN_CONSTANT_CONVERSION = YES;
				CLANG_WARN_DIRECT_OBJC_ISA_USAGE = YES_ERROR;
				CLANG_WARN_DOCUMENTATION_COMMENTS = YES;
				CLANG_WARN_EMPTY_BODY = YES;
				CLANG_WARN_ENUM_CONVERSION = YES;
				CLANG_WARN_INFINITE_RECURSION = YES;
				CLANG_WARN_INT_CONVERSION = YES;
				CLANG_WARN_OBJC_ROOT_CLASS = YES_ERROR;
				CLANG_WARN_SUSPICIOUS_MOVES = YES;
				CLANG_WARN_UNREACHABLE_CODE = YES;
				CLANG_WARN__DUPLICATE_METHOD_MATCH = YES;
				"CODE_SIGN_IDENTITY[sdk=iphoneos*]" = "iPhone Developer";
				COPY_PHASE_STRIP = NO;
				DEBUG_INFORMATION_FORMAT = dwarf;
				ENABLE_STRICT_OBJC_MSGSEND = YES;
				ENABLE_TESTABILITY = YES;
				GCC_C_LANGUAGE_STANDARD = gnu99;
				GCC_DYNAMIC_NO_PIC = NO;
				GCC_NO_COMMON_BLOCKS = YES;
				GCC_OPTIMIZATION_LEVEL = 0;
				GCC_PREPROCESSOR_DEFINITIONS = (
					"DEBUG=1",
					"$(inherited)",
				);
				GCC_WARN_64_TO_32_BIT_CONVERSION = YES;
				GCC_WARN_ABOUT_RETURN_TYPE = YES_ERROR;
				GCC_WARN_UNDECLARED_SELECTOR = YES;
				GCC_WARN_UNINITIALIZED_AUTOS = YES_AGGRESSIVE;
				GCC_WARN_UNUSED_FUNCTION = YES;
				GCC_WARN_UNUSED_VARIABLE = YES;
				IPHONEOS_DEPLOYMENT_TARGET = 10.1;
				MTL_ENABLE_DEBUG_INFO = YES;
				ONLY_ACTIVE_ARCH = YES;
				SDKROOT = iphoneos;
				SWIFT_ACTIVE_COMPILATION_CONDITIONS = DEBUG;
				SWIFT_OPTIMIZATION_LEVEL = "-Onone";
			};
			name = Debug;
		};
		97689E571E090D02003F92FF /* Release */ = {
			isa = XCBuildConfiguration;
			buildSettings = {
				ALWAYS_SEARCH_USER_PATHS = NO;
				CLANG_ANALYZER_NONNULL = YES;
				CLANG_CXX_LANGUAGE_STANDARD = "gnu++0x";
				CLANG_CXX_LIBRARY = "libc++";
				CLANG_ENABLE_MODULES = YES;
				CLANG_ENABLE_OBJC_ARC = YES;
				CLANG_WARN_BOOL_CONVERSION = YES;
				CLANG_WARN_CONSTANT_CONVERSION = YES;
				CLANG_WARN_DIRECT_OBJC_ISA_USAGE = YES_ERROR;
				CLANG_WARN_DOCUMENTATION_COMMENTS = YES;
				CLANG_WARN_EMPTY_BODY = YES;
				CLANG_WARN_ENUM_CONVERSION = YES;
				CLANG_WARN_INFINITE_RECURSION = YES;
				CLANG_WARN_INT_CONVERSION = YES;
				CLANG_WARN_OBJC_ROOT_CLASS = YES_ERROR;
				CLANG_WARN_SUSPICIOUS_MOVES = YES;
				CLANG_WARN_UNREACHABLE_CODE = YES;
				CLANG_WARN__DUPLICATE_METHOD_MATCH = YES;
				"CODE_SIGN_IDENTITY[sdk=iphoneos*]" = "iPhone Developer";
				COPY_PHASE_STRIP = NO;
				DEBUG_INFORMATION_FORMAT = "dwarf-with-dsym";
				ENABLE_NS_ASSERTIONS = NO;
				ENABLE_STRICT_OBJC_MSGSEND = YES;
				GCC_C_LANGUAGE_STANDARD = gnu99;
				GCC_NO_COMMON_BLOCKS = YES;
				GCC_WARN_64_TO_32_BIT_CONVERSION = YES;
				GCC_WARN_ABOUT_RETURN_TYPE = YES_ERROR;
				GCC_WARN_UNDECLARED_SELECTOR = YES;
				GCC_WARN_UNINITIALIZED_AUTOS = YES_AGGRESSIVE;
				GCC_WARN_UNUSED_FUNCTION = YES;
				GCC_WARN_UNUSED_VARIABLE = YES;
				IPHONEOS_DEPLOYMENT_TARGET = 10.1;
				MTL_ENABLE_DEBUG_INFO = NO;
				SDKROOT = iphoneos;
				SWIFT_OPTIMIZATION_LEVEL = "-Owholemodule";
				VALIDATE_PRODUCT = YES;
			};
			name = Release;
		};
		97689E591E090D02003F92FF /* Debug */ = {
			isa = XCBuildConfiguration;
			buildSettings = {
				ASSETCATALOG_COMPILER_APPICON_NAME = AppIcon;
				DEVELOPMENT_TEAM = 7SLWFM8W4P;
				INFOPLIST_FILE = FoodRecord/Info.plist;
				LD_RUNPATH_SEARCH_PATHS = "$(inherited) @executable_path/Frameworks";
				PRODUCT_BUNDLE_IDENTIFIER = com.allenChang.FoodRecord;
				PRODUCT_NAME = "$(TARGET_NAME)";
				SWIFT_VERSION = 3.0;
			};
			name = Debug;
		};
		97689E5A1E090D02003F92FF /* Release */ = {
			isa = XCBuildConfiguration;
			buildSettings = {
				ASSETCATALOG_COMPILER_APPICON_NAME = AppIcon;
				DEVELOPMENT_TEAM = 7SLWFM8W4P;
				INFOPLIST_FILE = FoodRecord/Info.plist;
				LD_RUNPATH_SEARCH_PATHS = "$(inherited) @executable_path/Frameworks";
				PRODUCT_BUNDLE_IDENTIFIER = com.allenChang.FoodRecord;
				PRODUCT_NAME = "$(TARGET_NAME)";
				SWIFT_VERSION = 3.0;
			};
			name = Release;
		};
/* End XCBuildConfiguration section */

/* Begin XCConfigurationList section */
		97689E411E090D02003F92FF /* Build configuration list for PBXProject "FoodRecord" */ = {
			isa = XCConfigurationList;
			buildConfigurations = (
				97689E561E090D02003F92FF /* Debug */,
				97689E571E090D02003F92FF /* Release */,
			);
			defaultConfigurationIsVisible = 0;
			defaultConfigurationName = Release;
		};
		97689E581E090D02003F92FF /* Build configuration list for PBXNativeTarget "FoodRecord" */ = {
			isa = XCConfigurationList;
			buildConfigurations = (
				97689E591E090D02003F92FF /* Debug */,
				97689E5A1E090D02003F92FF /* Release */,
			);
			defaultConfigurationIsVisible = 0;
			defaultConfigurationName = Release;
		};
/* End XCConfigurationList section */
	};
	rootObject = 97689E3E1E090D02003F92FF /* Project object */;
}
